speakeasyVersion: 1.449.0
sources:
    openapi-with-code-samples:
        sourceNamespace: openapi-with-code-samples
        sourceRevisionDigest: sha256:5b17d15536ba43839d069e981f81b8299268ed8ae0f6f8efcbfd0fc54538bf75
        sourceBlobDigest: sha256:d1fac08515840fcbf146cbdbc87a864962202bea1a75e9287b11990cc1e3656b
        tags:
            - latest
            - speakeasy-sdk-regen-1721694309
            - "1.0"
targets: {}
workflow:
    workflowVersion: 1.0.0
    speakeasyVersion: latest
    sources:
        openapi-with-code-samples:
            inputs:
                - location: registry.speakeasyapi.dev/novu/novu/json-development:main
            overlays:
                - location: registry.speakeasyapi.dev/novu/novu/code-samples-typescript:main
            output: ./openapi.json
            registry:
                location: registry.speakeasyapi.dev/novu/novu/openapi-with-code-samples
    targets: {}
